
Microsoft Visual Studio Solution File, Format Version 12.00
# Visual Studio Version 17
VisualStudioVersion = 17.5.33502.453
MinimumVisualStudioVersion = 10.0.40219.1
Project("{FAE04EC0-301F-11D3-BF4B-00C04F79EFBC}") = "logintest", "logintest\logintest.csproj", "{08694679-4593-4015-81DF-95DF03AE339E}"
EndProject
Global
	GlobalSection(SolutionConfigurationPlatforms) = preSolution
		Debug|Any CPU = Debug|Any CPU
		Release|Any CPU = Release|Any CPU
	EndGlobalSection
	GlobalSection(ProjectConfigurationPlatforms) = postSolution
		{08694679-4593-4015-81DF-95DF03AE339E}.Debug|Any CPU.ActiveCfg = Debug|Any CPU
		{08694679-4593-4015-81DF-95DF03AE339E}.Debug|Any CPU.Build.0 = Debug|Any CPU
		{08694679-4593-4015-81DF-95DF03AE339E}.Release|Any CPU.ActiveCfg = Release|Any CPU
		{08694679-4593-4015-81DF-95DF03AE339E}.Release|Any CPU.Build.0 = Release|Any CPU
	EndGlobalSection
	GlobalSection(SolutionProperties) = preSolution
		HideSolutionNode = FALSE
	EndGlobalSection
	GlobalSection(ExtensibilityGlobals) = postSolution
		SolutionGuid = {D0C86614-22E8-4DE7-987B-6034AB01C5F7}
	EndGlobalSection
EndGlobal
